// !$*UTF8*$!
{
	archiveVersion = 1;
	classes = {
	};
	objectVersion = 77;
	objects = {

/* Begin PBXBuildFile section */
		061EC42F7F2355B4EC80B9D1 /* FirebaseAuth in Frameworks */ = {isa = PBXBuildFile; productRef = 8C6547B00D8B83B42613C6EC /* FirebaseAuth */; };
		081117EAFF7088259E542D4A /* AppState.swift in Sources */ = {isa = PBXBuildFile; fileRef = F7714F7D37E3C1AE987EAE62 /* AppState.swift */; };
		0C0DACFE3DE73099C0D92062 /* ModelPopoverView.swift in Sources */ = {isa = PBXBuildFile; fileRef = 6DFA74C474FC393767D0A1D0 /* ModelPopoverView.swift */; };
		14F89FE83D1C7503A8B0E372 /* CredentialDetailView.swift in Sources */ = {isa = PBXBuildFile; fileRef = 0AE0E9B67DDA2A3814F64F33 /* CredentialDetailView.swift */; };
		18634CDFD62DBD5A4571B6DD /* MessageContentView.swift in Sources */ = {isa = PBXBuildFile; fileRef = B2AE45D10BB1F0066765B9A6 /* MessageContentView.swift */; };
		228D0C682B4DD293DBF8751E /* Assets.xcassets in Resources */ = {isa = PBXBuildFile; fileRef = EFCDF4FAD0857382E309F2E1 /* Assets.xcassets */; };
		245B9D0F66D4FCC2003268B4 /* AppIcons.swift in Sources */ = {isa = PBXBuildFile; fileRef = A1042D47E51EDB9641601671 /* AppIcons.swift */; };
		2B47E44C85F561AEFE05F6D8 /* FirebaseDatabase in Frameworks */ = {isa = PBXBuildFile; productRef = AC138233DC34F304AFF7022E /* FirebaseDatabase */; };
		32F2EBB7E8409FC7C9E989AE /* FirebaseRelay.swift in Sources */ = {isa = PBXBuildFile; fileRef = 60CA60FD3AA2EF8AD6FC963A /* FirebaseRelay.swift */; };
		352C541AA66FEC82ABFD4B1B /* GoogleService-Info.plist in Resources */ = {isa = PBXBuildFile; fileRef = C73A81C3E2D23BD40FC10966 /* GoogleService-Info.plist */; };
		35953C20FEBE657284212099 /* TillyTools in Frameworks */ = {isa = PBXBuildFile; productRef = 4549431E15F91AEBCB52AA51 /* TillyTools */; };
		399B8DFB007667E4D851D371 /* SkillDetailView.swift in Sources */ = {isa = PBXBuildFile; fileRef = E0D7DD950B03D40DC3F96668 /* SkillDetailView.swift */; };
		425916D524D5EBD17B859F90 /* GoogleService-Info.plist in Resources */ = {isa = PBXBuildFile; fileRef = D6DBE6A558498254AABC3C73 /* GoogleService-Info.plist */; };
		4397EEF8ADF15BB331027A47 /* SidebarView.swift in Sources */ = {isa = PBXBuildFile; fileRef = B7539F33A7EFEFEF5758F954 /* SidebarView.swift */; };
		43E113F131D0EC239F90CD41 /* DiagnosticLogger.swift in Sources */ = {isa = PBXBuildFile; fileRef = 4DD3E91100BA3493C4790C5A /* DiagnosticLogger.swift */; };
		4F39B182E9BC9F51D0F87387 /* GoogleSignIn in Frameworks */ = {isa = PBXBuildFile; productRef = 800096BCD889E9FC5045AFC2 /* GoogleSignIn */; };
		50A406395CF1EDD23D21F168 /* SettingsView.swift in Sources */ = {isa = PBXBuildFile; fileRef = 8B2F3390EB981E65499E8770 /* SettingsView.swift */; };
		52F39663C346816AAE5B5E55 /* SignInView.swift in Sources */ = {isa = PBXBuildFile; fileRef = C151A060A75E2FAF23B86943 /* SignInView.swift */; };
		5A10D82BFAD30352F6170C9A /* TillyCore in Frameworks */ = {isa = PBXBuildFile; productRef = B64A66864A186E577D58E430 /* TillyCore */; };
		61A93D2DBF8252EEB722A12F /* SignInView.swift in Sources */ = {isa = PBXBuildFile; fileRef = 4960611D38330D558F611FE8 /* SignInView.swift */; };
		629E6EE1AB3BF37343B61ED2 /* KeychainCredential.swift in Sources */ = {isa = PBXBuildFile; fileRef = FEDA8151488D0CC87875A2E3 /* KeychainCredential.swift */; };
		69333B0CB6EAA2F06DCFFB38 /* LogViewerView.swift in Sources */ = {isa = PBXBuildFile; fileRef = E4FFA69597E54395FA6AB7BA /* LogViewerView.swift */; };
		6AAE6F89D9A28BAF3878ABC0 /* TillyStorage in Frameworks */ = {isa = PBXBuildFile; productRef = 41D604BDF3CE4BE6C9C398C8 /* TillyStorage */; };
		6AF164B05D1390D2E88BB423 /* GoogleSignIn in Frameworks */ = {isa = PBXBuildFile; productRef = 55B44A26794936896895EE78 /* GoogleSignIn */; };
		71C0DB8586416C453E61DC1C /* RemoteMacStatusView.swift in Sources */ = {isa = PBXBuildFile; fileRef = 2747F1D17580BBF46EF32268 /* RemoteMacStatusView.swift */; };
		7526B445B5898F9AD702352C /* FirebaseDatabase in Frameworks */ = {isa = PBXBuildFile; productRef = C2F312B01A6994FA435646AD /* FirebaseDatabase */; };
		77162C6968EA9D5587652479 /* FirebaseRelay.swift in Sources */ = {isa = PBXBuildFile; fileRef = 1C3DBBEFA221356A5859B0D8 /* FirebaseRelay.swift */; };
		79BC565A6D6CB7EB2D448C7F /* TillyRemoteApp.swift in Sources */ = {isa = PBXBuildFile; fileRef = 627C01D94D3C5900E57F857D /* TillyRemoteApp.swift */; };
		7E311A25624A8AB2E0AB2825 /* GoogleSignInSwift in Frameworks */ = {isa = PBXBuildFile; productRef = E19BC910B1B688CCDE11EF42 /* GoogleSignInSwift */; };
		90D25607992378A8D9EFA4A1 /* GoogleSignInSwift in Frameworks */ = {isa = PBXBuildFile; productRef = 3ED982342F0E530444BEF5E5 /* GoogleSignInSwift */; };
		93F132421C0AFC4B42812464 /* AppCommands.swift in Sources */ = {isa = PBXBuildFile; fileRef = AA0391F5766AB5078D5BC063 /* AppCommands.swift */; };
		947BC7FC90CE33B197B35BCA /* TillyApp.swift in Sources */ = {isa = PBXBuildFile; fileRef = 3A13ACCD4FBF537ADE9A0734 /* TillyApp.swift */; };
		9ED5B3A300C8CFB39F05946B /* AuthService.swift in Sources */ = {isa = PBXBuildFile; fileRef = 3911FCF3D620AFFCE1F39BA6 /* AuthService.swift */; };
		A197CFE0888845B000B2DC32 /* TillyCore in Frameworks */ = {isa = PBXBuildFile; productRef = 12341AC689D4CF663BEC3587 /* TillyCore */; };
		A62C7B0C85A93C1FA7A21396 /* RemoteContentView.swift in Sources */ = {isa = PBXBuildFile; fileRef = 480176AEFE0E2CE531D0FE75 /* RemoteContentView.swift */; };
		C5C9F3B88B66ACFEFA2E3909 /* MemoryDetailView.swift in Sources */ = {isa = PBXBuildFile; fileRef = 04A66A2CDFC8992308103DC6 /* MemoryDetailView.swift */; };
		C9A5EA6E59400D999D4688A4 /* ContentView.swift in Sources */ = {isa = PBXBuildFile; fileRef = 9A2D5E48C00DA600676E68B5 /* ContentView.swift */; };
		CAECE438EBA8E08CF5EC3858 /* TillyProviders in Frameworks */ = {isa = PBXBuildFile; productRef = 0184A2A8C2F8F70485EEEC86 /* TillyProviders */; };
		CC717D363813E811C3EA95C9 /* ChatView.swift in Sources */ = {isa = PBXBuildFile; fileRef = 3C5ED9A99FF27D0D2869F82C /* ChatView.swift */; };
		D47983A3F0BDFDB50BEF59D9 /* Assets.xcassets in Resources */ = {isa = PBXBuildFile; fileRef = 71DA0E94FACD996ED7607F9C /* Assets.xcassets */; };
		ED6F4EBC715D9F5721BC5E4E /* InputBarView.swift in Sources */ = {isa = PBXBuildFile; fileRef = 362249974F6531D337040ED5 /* InputBarView.swift */; };
		F5CC56D3E12B84FF1683736D /* FirebaseAuth in Frameworks */ = {isa = PBXBuildFile; productRef = 9E47E74586F91633EF678E5F /* FirebaseAuth */; };
		FAD6EA9F92CFE9B85DF30DE2 /* AuthService.swift in Sources */ = {isa = PBXBuildFile; fileRef = 21ADB93C2860F3A164136A34 /* AuthService.swift */; };
		FED2CB3442AE8B004678DCE4 /* MessageView.swift in Sources */ = {isa = PBXBuildFile; fileRef = 8D7DB2AB7E6C97C4B5FBF5DE /* MessageView.swift */; };
/* End PBXBuildFile section */

/* Begin PBXFileReference section */
		04A66A2CDFC8992308103DC6 /* MemoryDetailView.swift */ = {isa = PBXFileReference; lastKnownFileType = sourcecode.swift; path = MemoryDetailView.swift; sourceTree = "<group>"; };
		0AE0E9B67DDA2A3814F64F33 /* CredentialDetailView.swift */ = {isa = PBXFileReference; lastKnownFileType = sourcecode.swift; path = CredentialDetailView.swift; sourceTree = "<group>"; };
		1C3DBBEFA221356A5859B0D8 /* FirebaseRelay.swift */ = {isa = PBXFileReference; lastKnownFileType = sourcecode.swift; path = FirebaseRelay.swift; sourceTree = "<group>"; };
		21ADB93C2860F3A164136A34 /* AuthService.swift */ = {isa = PBXFileReference; lastKnownFileType = sourcecode.swift; path = AuthService.swift; sourceTree = "<group>"; };
		21D2BFF89B7A7E7C9BEE38B7 /* TillyRemote.app */ = {isa = PBXFileReference; includeInIndex = 0; lastKnownFileType = wrapper.application; path = TillyRemote.app; sourceTree = BUILT_PRODUCTS_DIR; };
		2747F1D17580BBF46EF32268 /* RemoteMacStatusView.swift */ = {isa = PBXFileReference; lastKnownFileType = sourcecode.swift; path = RemoteMacStatusView.swift; sourceTree = "<group>"; };
		317F09C0FAE8D0CEC4ACC685 /* TillyProviders */ = {isa = PBXFileReference; lastKnownFileType = folder; name = TillyProviders; path = Packages/TillyProviders; sourceTree = SOURCE_ROOT; };
		362249974F6531D337040ED5 /* InputBarView.swift */ = {isa = PBXFileReference; lastKnownFileType = sourcecode.swift; path = InputBarView.swift; sourceTree = "<group>"; };
		3911FCF3D620AFFCE1F39BA6 /* AuthService.swift */ = {isa = PBXFileReference; lastKnownFileType = sourcecode.swift; path = AuthService.swift; sourceTree = "<group>"; };
		3A13ACCD4FBF537ADE9A0734 /* TillyApp.swift */ = {isa = PBXFileReference; lastKnownFileType = sourcecode.swift; path = TillyApp.swift; sourceTree = "<group>"; };
		3C5ED9A99FF27D0D2869F82C /* ChatView.swift */ = {isa = PBXFileReference; lastKnownFileType = sourcecode.swift; path = ChatView.swift; sourceTree = "<group>"; };
		480176AEFE0E2CE531D0FE75 /* RemoteContentView.swift */ = {isa = PBXFileReference; lastKnownFileType = sourcecode.swift; path = RemoteContentView.swift; sourceTree = "<group>"; };
		4960611D38330D558F611FE8 /* SignInView.swift */ = {isa = PBXFileReference; lastKnownFileType = sourcecode.swift; path = SignInView.swift; sourceTree = "<group>"; };
		4DD3E91100BA3493C4790C5A /* DiagnosticLogger.swift */ = {isa = PBXFileReference; lastKnownFileType = sourcecode.swift; path = DiagnosticLogger.swift; sourceTree = "<group>"; };
		60CA60FD3AA2EF8AD6FC963A /* FirebaseRelay.swift */ = {isa = PBXFileReference; lastKnownFileType = sourcecode.swift; path = FirebaseRelay.swift; sourceTree = "<group>"; };
		627C01D94D3C5900E57F857D /* TillyRemoteApp.swift */ = {isa = PBXFileReference; lastKnownFileType = sourcecode.swift; path = TillyRemoteApp.swift; sourceTree = "<group>"; };
		6DFA74C474FC393767D0A1D0 /* ModelPopoverView.swift */ = {isa = PBXFileReference; lastKnownFileType = sourcecode.swift; path = ModelPopoverView.swift; sourceTree = "<group>"; };
		71DA0E94FACD996ED7607F9C /* Assets.xcassets */ = {isa = PBXFileReference; lastKnownFileType = folder.assetcatalog; path = Assets.xcassets; sourceTree = "<group>"; };
		8B2F3390EB981E65499E8770 /* SettingsView.swift */ = {isa = PBXFileReference; lastKnownFileType = sourcecode.swift; path = SettingsView.swift; sourceTree = "<group>"; };
		8D7DB2AB7E6C97C4B5FBF5DE /* MessageView.swift */ = {isa = PBXFileReference; lastKnownFileType = sourcecode.swift; path = MessageView.swift; sourceTree = "<group>"; };
		997A8B9E2CE32343B11A6DCB /* TillyRemote.entitlements */ = {isa = PBXFileReference; lastKnownFileType = text.plist.entitlements; path = TillyRemote.entitlements; sourceTree = "<group>"; };
		9A2D5E48C00DA600676E68B5 /* ContentView.swift */ = {isa = PBXFileReference; lastKnownFileType = sourcecode.swift; path = ContentView.swift; sourceTree = "<group>"; };
		A1042D47E51EDB9641601671 /* AppIcons.swift */ = {isa = PBXFileReference; lastKnownFileType = sourcecode.swift; path = AppIcons.swift; sourceTree = "<group>"; };
		AA0391F5766AB5078D5BC063 /* AppCommands.swift */ = {isa = PBXFileReference; lastKnownFileType = sourcecode.swift; path = AppCommands.swift; sourceTree = "<group>"; };
		AA200997105B0DA4161B7947 /* TillyStorage */ = {isa = PBXFileReference; lastKnownFileType = folder; name = TillyStorage; path = Packages/TillyStorage; sourceTree = SOURCE_ROOT; };
		AB91B2CD9A2BF1D6165028B0 /* TillyTools */ = {isa = PBXFileReference; lastKnownFileType = folder; name = TillyTools; path = Packages/TillyTools; sourceTree = SOURCE_ROOT; };
		B2AE45D10BB1F0066765B9A6 /* MessageContentView.swift */ = {isa = PBXFileReference; lastKnownFileType = sourcecode.swift; path = MessageContentView.swift; sourceTree = "<group>"; };
		B56BEFD271A41F6BB08E777E /* Tilly.app */ = {isa = PBXFileReference; explicitFileType = wrapper.application; includeInIndex = 0; path = Tilly.app; sourceTree = BUILT_PRODUCTS_DIR; };
		B7539F33A7EFEFEF5758F954 /* SidebarView.swift */ = {isa = PBXFileReference; lastKnownFileType = sourcecode.swift; path = SidebarView.swift; sourceTree = "<group>"; };
		C151A060A75E2FAF23B86943 /* SignInView.swift */ = {isa = PBXFileReference; lastKnownFileType = sourcecode.swift; path = SignInView.swift; sourceTree = "<group>"; };
		C3AEA6B0E80FCAEEFBDFF339 /* TillyCore */ = {isa = PBXFileReference; lastKnownFileType = folder; name = TillyCore; path = Packages/TillyCore; sourceTree = SOURCE_ROOT; };
		C73A81C3E2D23BD40FC10966 /* GoogleService-Info.plist */ = {isa = PBXFileReference; lastKnownFileType = text.plist; path = "GoogleService-Info.plist"; sourceTree = "<group>"; };
		D574CAEF69385E8BFF9B7F45 /* Tilly.entitlements */ = {isa = PBXFileReference; lastKnownFileType = text.plist.entitlements; path = Tilly.entitlements; sourceTree = "<group>"; };
		D6DBE6A558498254AABC3C73 /* GoogleService-Info.plist */ = {isa = PBXFileReference; lastKnownFileType = text.plist; path = "GoogleService-Info.plist"; sourceTree = "<group>"; };
		E0D7DD950B03D40DC3F96668 /* SkillDetailView.swift */ = {isa = PBXFileReference; lastKnownFileType = sourcecode.swift; path = SkillDetailView.swift; sourceTree = "<group>"; };
		E4FFA69597E54395FA6AB7BA /* LogViewerView.swift */ = {isa = PBXFileReference; lastKnownFileType = sourcecode.swift; path = LogViewerView.swift; sourceTree = "<group>"; };
		EFCDF4FAD0857382E309F2E1 /* Assets.xcassets */ = {isa = PBXFileReference; lastKnownFileType = folder.assetcatalog; path = Assets.xcassets; sourceTree = "<group>"; };
		F7714F7D37E3C1AE987EAE62 /* AppState.swift */ = {isa = PBXFileReference; lastKnownFileType = sourcecode.swift; path = AppState.swift; sourceTree = "<group>"; };
		FEDA8151488D0CC87875A2E3 /* KeychainCredential.swift */ = {isa = PBXFileReference; lastKnownFileType = sourcecode.swift; path = KeychainCredential.swift; sourceTree = "<group>"; };
/* End PBXFileReference section */

/* Begin PBXFrameworksBuildPhase section */
		3AE5627860B09D49516BEE44 /* Frameworks */ = {
			isa = PBXFrameworksBuildPhase;
			buildActionMask = 2147483647;
			files = (
				A197CFE0888845B000B2DC32 /* TillyCore in Frameworks */,
				CAECE438EBA8E08CF5EC3858 /* TillyProviders in Frameworks */,
				6AAE6F89D9A28BAF3878ABC0 /* TillyStorage in Frameworks */,
				35953C20FEBE657284212099 /* TillyTools in Frameworks */,
				F5CC56D3E12B84FF1683736D /* FirebaseAuth in Frameworks */,
				7526B445B5898F9AD702352C /* FirebaseDatabase in Frameworks */,
				4F39B182E9BC9F51D0F87387 /* GoogleSignIn in Frameworks */,
				7E311A25624A8AB2E0AB2825 /* GoogleSignInSwift in Frameworks */,
			);
			runOnlyForDeploymentPostprocessing = 0;
		};
		400A1E73B070E78A90BCA8E7 /* Frameworks */ = {
			isa = PBXFrameworksBuildPhase;
			buildActionMask = 2147483647;
			files = (
				5A10D82BFAD30352F6170C9A /* TillyCore in Frameworks */,
				061EC42F7F2355B4EC80B9D1 /* FirebaseAuth in Frameworks */,
				2B47E44C85F561AEFE05F6D8 /* FirebaseDatabase in Frameworks */,
				6AF164B05D1390D2E88BB423 /* GoogleSignIn in Frameworks */,
				90D25607992378A8D9EFA4A1 /* GoogleSignInSwift in Frameworks */,
			);
			runOnlyForDeploymentPostprocessing = 0;
		};
/* End PBXFrameworksBuildPhase section */

/* Begin PBXGroup section */
		067CCE66465E6AFF919456B7 /* Shared */ = {
			isa = PBXGroup;
			children = (
				E4FFA69597E54395FA6AB7BA /* LogViewerView.swift */,
			);
			path = Shared;
			sourceTree = "<group>";
		};
		1B0901C447E139602C6AEF42 /* Packages */ = {
			isa = PBXGroup;
			children = (
				C3AEA6B0E80FCAEEFBDFF339 /* TillyCore */,
				317F09C0FAE8D0CEC4ACC685 /* TillyProviders */,
				AA200997105B0DA4161B7947 /* TillyStorage */,
				AB91B2CD9A2BF1D6165028B0 /* TillyTools */,
			);
			path = Packages;
			sourceTree = "<group>";
		};
		211C45E3B8CF87AE7B5F19EC /* Preview Content */ = {
			isa = PBXGroup;
			children = (
			);
			path = "Preview Content";
			sourceTree = "<group>";
		};
		257EF4FF1812AD3DE4E90D4E /* CodeReview */ = {
			isa = PBXGroup;
			children = (
			);
			path = CodeReview;
			sourceTree = "<group>";
		};
		259A495355BE98BFB9316773 /* TillyRemote */ = {
			isa = PBXGroup;
			children = (
				92919DD2E1C1178C02F5E34A /* Services */,
				AE0085A10CDF9A0B6AF107D1 /* Views */,
				EFCDF4FAD0857382E309F2E1 /* Assets.xcassets */,
				C73A81C3E2D23BD40FC10966 /* GoogleService-Info.plist */,
				997A8B9E2CE32343B11A6DCB /* TillyRemote.entitlements */,
				627C01D94D3C5900E57F857D /* TillyRemoteApp.swift */,
			);
			path = TillyRemote;
			sourceTree = "<group>";
		};
		29A5E9F4AB13E90BDC36F31E /* SystemPrompt */ = {
			isa = PBXGroup;
			children = (
			);
			path = SystemPrompt;
			sourceTree = "<group>";
		};
		2C37FC0FB1824B00FE597F8C /* Auth */ = {
			isa = PBXGroup;
			children = (
				C151A060A75E2FAF23B86943 /* SignInView.swift */,
			);
			path = Auth;
			sourceTree = "<group>";
		};
		35918EFDA0B105E352EDBE97 /* Chat */ = {
			isa = PBXGroup;
			children = (
			);
			path = Chat;
			sourceTree = "<group>";
		};
		442CF41232C5C3FB7C02EF6D /* File */ = {
			isa = PBXGroup;
			children = (
			);
			path = File;
			sourceTree = "<group>";
		};
		53DBE898B99A5040CDD57B4F /* Views */ = {
			isa = PBXGroup;
			children = (
				2C37FC0FB1824B00FE597F8C /* Auth */,
				A5B9530F82B4F6A90703D210 /* Chat */,
				257EF4FF1812AD3DE4E90D4E /* CodeReview */,
				A5F3B27F78EF6E508D85A9A3 /* Detail */,
				F8805B096768835EAB78D46F /* Settings */,
				067CCE66465E6AFF919456B7 /* Shared */,
				AF18AA558EFB8AE0176F06ED /* Sidebar */,
				29A5E9F4AB13E90BDC36F31E /* SystemPrompt */,
				9A2D5E48C00DA600676E68B5 /* ContentView.swift */,
			);
			path = Views;
			sourceTree = "<group>";
		};
		5C879D347C8F65749BC56AB9 /* Theme */ = {
			isa = PBXGroup;
			children = (
				A1042D47E51EDB9641601671 /* AppIcons.swift */,
			);
			path = Theme;
			sourceTree = "<group>";
		};
		66EBD13FA996530F16905E10 /* Session */ = {
			isa = PBXGroup;
			children = (
			);
			path = Session;
			sourceTree = "<group>";
		};
		845897DD893C6178D3BA7E4C /* Tool */ = {
			isa = PBXGroup;
			children = (
			);
			path = Tool;
			sourceTree = "<group>";
		};
		92919DD2E1C1178C02F5E34A /* Services */ = {
			isa = PBXGroup;
			children = (
				21ADB93C2860F3A164136A34 /* AuthService.swift */,
				60CA60FD3AA2EF8AD6FC963A /* FirebaseRelay.swift */,
			);
			path = Services;
			sourceTree = "<group>";
		};
		9B3D81F9CAA5620D4E9900DA /* Products */ = {
			isa = PBXGroup;
			children = (
				B56BEFD271A41F6BB08E777E /* Tilly.app */,
				21D2BFF89B7A7E7C9BEE38B7 /* TillyRemote.app */,
			);
			name = Products;
			sourceTree = "<group>";
		};
		A5B9530F82B4F6A90703D210 /* Chat */ = {
			isa = PBXGroup;
			children = (
				3C5ED9A99FF27D0D2869F82C /* ChatView.swift */,
				362249974F6531D337040ED5 /* InputBarView.swift */,
				B2AE45D10BB1F0066765B9A6 /* MessageContentView.swift */,
				8D7DB2AB7E6C97C4B5FBF5DE /* MessageView.swift */,
			);
			path = Chat;
			sourceTree = "<group>";
		};
		A5F3B27F78EF6E508D85A9A3 /* Detail */ = {
			isa = PBXGroup;
			children = (
				0AE0E9B67DDA2A3814F64F33 /* CredentialDetailView.swift */,
				04A66A2CDFC8992308103DC6 /* MemoryDetailView.swift */,
				E0D7DD950B03D40DC3F96668 /* SkillDetailView.swift */,
			);
			path = Detail;
			sourceTree = "<group>";
		};
		AE0085A10CDF9A0B6AF107D1 /* Views */ = {
			isa = PBXGroup;
			children = (
				480176AEFE0E2CE531D0FE75 /* RemoteContentView.swift */,
				2747F1D17580BBF46EF32268 /* RemoteMacStatusView.swift */,
				4960611D38330D558F611FE8 /* SignInView.swift */,
			);
			path = Views;
			sourceTree = "<group>";
		};
		AECEAFFE733EB4A3974055D6 = {
			isa = PBXGroup;
			children = (
				1B0901C447E139602C6AEF42 /* Packages */,
				D9325E5B67B037BCB5A52E93 /* Tilly */,
				259A495355BE98BFB9316773 /* TillyRemote */,
				9B3D81F9CAA5620D4E9900DA /* Products */,
			);
			sourceTree = "<group>";
		};
		AF18AA558EFB8AE0176F06ED /* Sidebar */ = {
			isa = PBXGroup;
			children = (
				6DFA74C474FC393767D0A1D0 /* ModelPopoverView.swift */,
				B7539F33A7EFEFEF5758F954 /* SidebarView.swift */,
			);
			path = Sidebar;
			sourceTree = "<group>";
		};
		C72467707BC128BCBD0C2711 /* App */ = {
			isa = PBXGroup;
			children = (
				AA0391F5766AB5078D5BC063 /* AppCommands.swift */,
				F7714F7D37E3C1AE987EAE62 /* AppState.swift */,
			);
			path = App;
			sourceTree = "<group>";
		};
		C8AC643A6FE27D0327FCB9DC /* Plugin */ = {
			isa = PBXGroup;
			children = (
			);
			path = Plugin;
			sourceTree = "<group>";
		};
		D9325E5B67B037BCB5A52E93 /* Tilly */ = {
			isa = PBXGroup;
			children = (
				C72467707BC128BCBD0C2711 /* App */,
				FBB2E0F205EAEE9AB8A90060 /* Models */,
				211C45E3B8CF87AE7B5F19EC /* Preview Content */,
				E916DB19570033D41FDC4870 /* Services */,
				5C879D347C8F65749BC56AB9 /* Theme */,
				53DBE898B99A5040CDD57B4F /* Views */,
				71DA0E94FACD996ED7607F9C /* Assets.xcassets */,
				D6DBE6A558498254AABC3C73 /* GoogleService-Info.plist */,
				D574CAEF69385E8BFF9B7F45 /* Tilly.entitlements */,
				3A13ACCD4FBF537ADE9A0734 /* TillyApp.swift */,
			);
			path = Tilly;
			sourceTree = "<group>";
		};
		E916DB19570033D41FDC4870 /* Services */ = {
			isa = PBXGroup;
			children = (
				35918EFDA0B105E352EDBE97 /* Chat */,
				442CF41232C5C3FB7C02EF6D /* File */,
				C8AC643A6FE27D0327FCB9DC /* Plugin */,
				F1EF5178FD034BF4FFAE470A /* Provider */,
				66EBD13FA996530F16905E10 /* Session */,
				845897DD893C6178D3BA7E4C /* Tool */,
				3911FCF3D620AFFCE1F39BA6 /* AuthService.swift */,
				4DD3E91100BA3493C4790C5A /* DiagnosticLogger.swift */,
				1C3DBBEFA221356A5859B0D8 /* FirebaseRelay.swift */,
			);
			path = Services;
			sourceTree = "<group>";
		};
		F1EF5178FD034BF4FFAE470A /* Provider */ = {
			isa = PBXGroup;
			children = (
			);
			path = Provider;
			sourceTree = "<group>";
		};
		F8805B096768835EAB78D46F /* Settings */ = {
			isa = PBXGroup;
			children = (
				8B2F3390EB981E65499E8770 /* SettingsView.swift */,
			);
			path = Settings;
			sourceTree = "<group>";
		};
		FBB2E0F205EAEE9AB8A90060 /* Models */ = {
			isa = PBXGroup;
			children = (
				FEDA8151488D0CC87875A2E3 /* KeychainCredential.swift */,
			);
			path = Models;
			sourceTree = "<group>";
		};
/* End PBXGroup section */

/* Begin PBXNativeTarget section */
		184047298CD6D33481749E1D /* Tilly */ = {
			isa = PBXNativeTarget;
			buildConfigurationList = 4D9B7AE1919DB29292930A1C /* Build configuration list for PBXNativeTarget "Tilly" */;
			buildPhases = (
				C4FD18975A4961CB474DB447 /* Sources */,
				A35A406569F3E6BDE4F06A56 /* Resources */,
				3AE5627860B09D49516BEE44 /* Frameworks */,
			);
			buildRules = (
			);
			dependencies = (
			);
			name = Tilly;
			packageProductDependencies = (
				12341AC689D4CF663BEC3587 /* TillyCore */,
				0184A2A8C2F8F70485EEEC86 /* TillyProviders */,
				41D604BDF3CE4BE6C9C398C8 /* TillyStorage */,
				4549431E15F91AEBCB52AA51 /* TillyTools */,
				9E47E74586F91633EF678E5F /* FirebaseAuth */,
				C2F312B01A6994FA435646AD /* FirebaseDatabase */,
				800096BCD889E9FC5045AFC2 /* GoogleSignIn */,
				E19BC910B1B688CCDE11EF42 /* GoogleSignInSwift */,
			);
			productName = Tilly;
			productReference = B56BEFD271A41F6BB08E777E /* Tilly.app */;
			productType = "com.apple.product-type.application";
		};
		2CA45159B71DE18520CF286D /* TillyRemote */ = {
			isa = PBXNativeTarget;
			buildConfigurationList = 48F44AF7D2D3431DB1271F32 /* Build configuration list for PBXNativeTarget "TillyRemote" */;
			buildPhases = (
				0B1BC46727D0257A58219839 /* Sources */,
				D19293E8EFAC51A86F735127 /* Resources */,
				400A1E73B070E78A90BCA8E7 /* Frameworks */,
			);
			buildRules = (
			);
			dependencies = (
			);
			name = TillyRemote;
			packageProductDependencies = (
				B64A66864A186E577D58E430 /* TillyCore */,
				8C6547B00D8B83B42613C6EC /* FirebaseAuth */,
				AC138233DC34F304AFF7022E /* FirebaseDatabase */,
				55B44A26794936896895EE78 /* GoogleSignIn */,
				3ED982342F0E530444BEF5E5 /* GoogleSignInSwift */,
			);
			productName = TillyRemote;
			productReference = 21D2BFF89B7A7E7C9BEE38B7 /* TillyRemote.app */;
			productType = "com.apple.product-type.application";
		};
/* End PBXNativeTarget section */

/* Begin PBXProject section */
		754D3211ED4058A36335A5BF /* Project object */ = {
			isa = PBXProject;
			attributes = {
				BuildIndependentTargetsInParallel = YES;
				LastUpgradeCheck = 1600;
				TargetAttributes = {
					184047298CD6D33481749E1D = {
						DevelopmentTeam = YZFVX59ZM2;
						ProvisioningStyle = Automatic;
					};
					2CA45159B71DE18520CF286D = {
						DevelopmentTeam = YZFVX59ZM2;
						ProvisioningStyle = Automatic;
					};
				};
			};
			buildConfigurationList = C79505BD4A249E3D73FEF54E /* Build configuration list for PBXProject "Tilly" */;
			developmentRegion = en;
			hasScannedForEncodings = 0;
			knownRegions = (
				Base,
				en,
			);
			mainGroup = AECEAFFE733EB4A3974055D6;
			minimizedProjectReferenceProxies = 1;
			packageReferences = (
				F9894A505BF3C7DBC2DB24DC /* XCRemoteSwiftPackageReference "firebase-ios-sdk" */,
				E8273F6C14A3B4E357BAB179 /* XCRemoteSwiftPackageReference "GoogleSignIn-iOS" */,
				8529A3A5FE5F0D85E2B1C902 /* XCLocalSwiftPackageReference "Packages/TillyCore" */,
				BD7A64C3389BDBF962ED199E /* XCLocalSwiftPackageReference "Packages/TillyProviders" */,
				62391EF864431076404E93DA /* XCLocalSwiftPackageReference "Packages/TillyStorage" */,
				5D4BC0108140644F1C8D1E5C /* XCLocalSwiftPackageReference "Packages/TillyTools" */,
			);
			preferredProjectObjectVersion = 77;
			productRefGroup = 9B3D81F9CAA5620D4E9900DA /* Products */;
			projectDirPath = "";
			projectRoot = "";
			targets = (
				184047298CD6D33481749E1D /* Tilly */,
				2CA45159B71DE18520CF286D /* TillyRemote */,
			);
		};
/* End PBXProject section */

/* Begin PBXResourcesBuildPhase section */
		A35A406569F3E6BDE4F06A56 /* Resources */ = {
			isa = PBXResourcesBuildPhase;
			buildActionMask = 2147483647;
			files = (
				D47983A3F0BDFDB50BEF59D9 /* Assets.xcassets in Resources */,
				425916D524D5EBD17B859F90 /* GoogleService-Info.plist in Resources */,
			);
			runOnlyForDeploymentPostprocessing = 0;
		};
		D19293E8EFAC51A86F735127 /* Resources */ = {
			isa = PBXResourcesBuildPhase;
			buildActionMask = 2147483647;
			files = (
				228D0C682B4DD293DBF8751E /* Assets.xcassets in Resources */,
				352C541AA66FEC82ABFD4B1B /* GoogleService-Info.plist in Resources */,
			);
			runOnlyForDeploymentPostprocessing = 0;
		};
/* End PBXResourcesBuildPhase section */

/* Begin PBXSourcesBuildPhase section */
		0B1BC46727D0257A58219839 /* Sources */ = {
			isa = PBXSourcesBuildPhase;
			buildActionMask = 2147483647;
			files = (
				FAD6EA9F92CFE9B85DF30DE2 /* AuthService.swift in Sources */,
				32F2EBB7E8409FC7C9E989AE /* FirebaseRelay.swift in Sources */,
				A62C7B0C85A93C1FA7A21396 /* RemoteContentView.swift in Sources */,
				71C0DB8586416C453E61DC1C /* RemoteMacStatusView.swift in Sources */,
				61A93D2DBF8252EEB722A12F /* SignInView.swift in Sources */,
				79BC565A6D6CB7EB2D448C7F /* TillyRemoteApp.swift in Sources */,
			);
			runOnlyForDeploymentPostprocessing = 0;
		};
		C4FD18975A4961CB474DB447 /* Sources */ = {
			isa = PBXSourcesBuildPhase;
			buildActionMask = 2147483647;
			files = (
				93F132421C0AFC4B42812464 /* AppCommands.swift in Sources */,
				245B9D0F66D4FCC2003268B4 /* AppIcons.swift in Sources */,
				081117EAFF7088259E542D4A /* AppState.swift in Sources */,
				9ED5B3A300C8CFB39F05946B /* AuthService.swift in Sources */,
				CC717D363813E811C3EA95C9 /* ChatView.swift in Sources */,
				C9A5EA6E59400D999D4688A4 /* ContentView.swift in Sources */,
				14F89FE83D1C7503A8B0E372 /* CredentialDetailView.swift in Sources */,
				43E113F131D0EC239F90CD41 /* DiagnosticLogger.swift in Sources */,
				77162C6968EA9D5587652479 /* FirebaseRelay.swift in Sources */,
				ED6F4EBC715D9F5721BC5E4E /* InputBarView.swift in Sources */,
				629E6EE1AB3BF37343B61ED2 /* KeychainCredential.swift in Sources */,
				69333B0CB6EAA2F06DCFFB38 /* LogViewerView.swift in Sources */,
				C5C9F3B88B66ACFEFA2E3909 /* MemoryDetailView.swift in Sources */,
				18634CDFD62DBD5A4571B6DD /* MessageContentView.swift in Sources */,
				FED2CB3442AE8B004678DCE4 /* MessageView.swift in Sources */,
				0C0DACFE3DE73099C0D92062 /* ModelPopoverView.swift in Sources */,
				50A406395CF1EDD23D21F168 /* SettingsView.swift in Sources */,
				4397EEF8ADF15BB331027A47 /* SidebarView.swift in Sources */,
				52F39663C346816AAE5B5E55 /* SignInView.swift in Sources */,
				399B8DFB007667E4D851D371 /* SkillDetailView.swift in Sources */,
				947BC7FC90CE33B197B35BCA /* TillyApp.swift in Sources */,
			);
			runOnlyForDeploymentPostprocessing = 0;
		};
/* End PBXSourcesBuildPhase section */

/* Begin XCBuildConfiguration section */
		22C7AB525BCCA74DAACEA84C /* Release */ = {
			isa = XCBuildConfiguration;
			buildSettings = {
				ASSETCATALOG_COMPILER_APPICON_NAME = AppIcon;
				CODE_SIGN_ENTITLEMENTS = Tilly/Tilly.entitlements;
				CODE_SIGN_IDENTITY = "Apple Development";
				CODE_SIGN_STYLE = Automatic;
				COMBINE_HIDPI_IMAGES = YES;
				CURRENT_PROJECT_VERSION = 1;
				DEVELOPMENT_TEAM = YZFVX59ZM2;
				ENABLE_HARDENED_RUNTIME = YES;
				ENABLE_PREVIEWS = YES;
				INFOPLIST_FILE = Tilly/Info.plist;
				LD_RUNPATH_SEARCH_PATHS = (
					"$(inherited)",
					"@executable_path/../Frameworks",
				);
				MACOSX_DEPLOYMENT_TARGET = 15.0;
				MARKETING_VERSION = 0.1.0;
				OTHER_LDFLAGS = "-ObjC";
				PRODUCT_BUNDLE_IDENTIFIER = com.tilly.app;
				PRODUCT_NAME = Tilly;
				SDKROOT = macosx;
				SWIFT_STRICT_CONCURRENCY = complete;
				SWIFT_VERSION = 6.0;
			};
			name = Release;
		};
		3EF442895A8B9960313A5CA9 /* Debug */ = {
			isa = XCBuildConfiguration;
			buildSettings = {
				ASSETCATALOG_COMPILER_APPICON_NAME = AppIcon;
				CODE_SIGN_ENTITLEMENTS = TillyRemote/TillyRemote.entitlements;
				CODE_SIGN_IDENTITY = "iPhone Developer";
				CODE_SIGN_STYLE = Automatic;
				CURRENT_PROJECT_VERSION = 1;
				DEVELOPMENT_TEAM = YZFVX59ZM2;
				INFOPLIST_FILE = TillyRemote/Info.plist;
				IPHONEOS_DEPLOYMENT_TARGET = 17.0;
				LD_RUNPATH_SEARCH_PATHS = (
					"$(inherited)",
					"@executable_path/Frameworks",
				);
				MARKETING_VERSION = 0.1.0;
				OTHER_LDFLAGS = "-ObjC";
				PRODUCT_BUNDLE_IDENTIFIER = com.tilly.remote;
				PRODUCT_NAME = TillyRemote;
				SDKROOT = iphoneos;
				SWIFT_STRICT_CONCURRENCY = complete;
				SWIFT_VERSION = 6.0;
				TARGETED_DEVICE_FAMILY = "1,2";
			};
			name = Debug;
		};
		5C139C2D80D63AE2E5BB99AE /* Debug */ = {
			isa = XCBuildConfiguration;
			buildSettings = {
				ASSETCATALOG_COMPILER_APPICON_NAME = AppIcon;
				CODE_SIGN_ENTITLEMENTS = Tilly/Tilly.entitlements;
				CODE_SIGN_IDENTITY = "Apple Development";
				CODE_SIGN_STYLE = Automatic;
				COMBINE_HIDPI_IMAGES = YES;
				CURRENT_PROJECT_VERSION = 1;
				DEVELOPMENT_TEAM = YZFVX59ZM2;
				ENABLE_HARDENED_RUNTIME = YES;
				ENABLE_PREVIEWS = YES;
				INFOPLIST_FILE = Tilly/Info.plist;
				LD_RUNPATH_SEARCH_PATHS = (
					"$(inherited)",
					"@executable_path/../Frameworks",
				);
				MACOSX_DEPLOYMENT_TARGET = 15.0;
				MARKETING_VERSION = 0.1.0;
				OTHER_LDFLAGS = "-ObjC";
				PRODUCT_BUNDLE_IDENTIFIER = com.tilly.app;
				PRODUCT_NAME = Tilly;
				SDKROOT = macosx;
				SWIFT_STRICT_CONCURRENCY = complete;
				SWIFT_VERSION = 6.0;
			};
			name = Debug;
		};
		7FF889C4C053045FD7162C6F /* Debug */ = {
			isa = XCBuildConfiguration;
			buildSettings = {
				ALWAYS_SEARCH_USER_PATHS = NO;
				CLANG_ANALYZER_NONNULL = YES;
				CLANG_ANALYZER_NUMBER_OBJECT_CONVERSION = YES_AGGRESSIVE;
				CLANG_CXX_LANGUAGE_STANDARD = "gnu++14";
				CLANG_CXX_LIBRARY = "libc++";
				CLANG_ENABLE_MODULES = YES;
				CLANG_ENABLE_OBJC_ARC = YES;
				CLANG_ENABLE_OBJC_WEAK = YES;
				CLANG_WARN_BLOCK_CAPTURE_AUTORELEASING = YES;
				CLANG_WARN_BOOL_CONVERSION = YES;
				CLANG_WARN_COMMA = YES;
				CLANG_WARN_CONSTANT_CONVERSION = YES;
				CLANG_WARN_DEPRECATED_OBJC_IMPLEMENTATIONS = YES;
				CLANG_WARN_DIRECT_OBJC_ISA_USAGE = YES_ERROR;
				CLANG_WARN_DOCUMENTATION_COMMENTS = YES;
				CLANG_WARN_EMPTY_BODY = YES;
				CLANG_WARN_ENUM_CONVERSION = YES;
				CLANG_WARN_INFINITE_RECURSION = YES;
				CLANG_WARN_INT_CONVERSION = YES;
				CLANG_WARN_NON_LITERAL_NULL_CONVERSION = YES;
				CLANG_WARN_OBJC_IMPLICIT_RETAIN_SELF = YES;
				CLANG_WARN_OBJC_LITERAL_CONVERSION = YES;
				CLANG_WARN_OBJC_ROOT_CLASS = YES_ERROR;
				CLANG_WARN_QUOTED_INCLUDE_IN_FRAMEWORK_HEADER = YES;
				CLANG_WARN_RANGE_LOOP_ANALYSIS = YES;
				CLANG_WARN_STRICT_PROTOTYPES = YES;
				CLANG_WARN_SUSPICIOUS_MOVE = YES;
				CLANG_WARN_UNGUARDED_AVAILABILITY = YES_AGGRESSIVE;
				CLANG_WARN_UNREACHABLE_CODE = YES;
				CLANG_WARN__DUPLICATE_METHOD_MATCH = YES;
				COPY_PHASE_STRIP = NO;
				DEBUG_INFORMATION_FORMAT = dwarf;
				ENABLE_STRICT_OBJC_MSGSEND = YES;
				ENABLE_TESTABILITY = YES;
				GCC_C_LANGUAGE_STANDARD = gnu11;
				GCC_DYNAMIC_NO_PIC = NO;
				GCC_NO_COMMON_BLOCKS = YES;
				GCC_OPTIMIZATION_LEVEL = 0;
				GCC_PREPROCESSOR_DEFINITIONS = (
					"$(inherited)",
					"DEBUG=1",
				);
				GCC_WARN_64_TO_32_BIT_CONVERSION = YES;
				GCC_WARN_ABOUT_RETURN_TYPE = YES_ERROR;
				GCC_WARN_UNDECLARED_SELECTOR = YES;
				GCC_WARN_UNINITIALIZED_AUTOS = YES_AGGRESSIVE;
				GCC_WARN_UNUSED_FUNCTION = YES;
				GCC_WARN_UNUSED_VARIABLE = YES;
				MACOSX_DEPLOYMENT_TARGET = 15.0;
				MTL_ENABLE_DEBUG_INFO = INCLUDE_SOURCE;
				MTL_FAST_MATH = YES;
				ONLY_ACTIVE_ARCH = YES;
				PRODUCT_NAME = "$(TARGET_NAME)";
				SWIFT_ACTIVE_COMPILATION_CONDITIONS = DEBUG;
				SWIFT_OPTIMIZATION_LEVEL = "-Onone";
				SWIFT_VERSION = 5.0;
			};
			name = Debug;
		};
		E08CC1434EE5CA26A36C99CA /* Release */ = {
			isa = XCBuildConfiguration;
			buildSettings = {
				ASSETCATALOG_COMPILER_APPICON_NAME = AppIcon;
				CODE_SIGN_ENTITLEMENTS = TillyRemote/TillyRemote.entitlements;
				CODE_SIGN_IDENTITY = "iPhone Developer";
				CODE_SIGN_STYLE = Automatic;
				CURRENT_PROJECT_VERSION = 1;
				DEVELOPMENT_TEAM = YZFVX59ZM2;
				INFOPLIST_FILE = TillyRemote/Info.plist;
				IPHONEOS_DEPLOYMENT_TARGET = 17.0;
				LD_RUNPATH_SEARCH_PATHS = (
					"$(inherited)",
					"@executable_path/Frameworks",
				);
				MARKETING_VERSION = 0.1.0;
				OTHER_LDFLAGS = "-ObjC";
				PRODUCT_BUNDLE_IDENTIFIER = com.tilly.remote;
				PRODUCT_NAME = TillyRemote;
				SDKROOT = iphoneos;
				SWIFT_STRICT_CONCURRENCY = complete;
				SWIFT_VERSION = 6.0;
				TARGETED_DEVICE_FAMILY = "1,2";
			};
			name = Release;
		};
		E656571C73CFA6CBFAF032B5 /* Release */ = {
			isa = XCBuildConfiguration;
			buildSettings = {
				ALWAYS_SEARCH_USER_PATHS = NO;
				CLANG_ANALYZER_NONNULL = YES;
				CLANG_ANALYZER_NUMBER_OBJECT_CONVERSION = YES_AGGRESSIVE;
				CLANG_CXX_LANGUAGE_STANDARD = "gnu++14";
				CLANG_CXX_LIBRARY = "libc++";
				CLANG_ENABLE_MODULES = YES;
				CLANG_ENABLE_OBJC_ARC = YES;
				CLANG_ENABLE_OBJC_WEAK = YES;
				CLANG_WARN_BLOCK_CAPTURE_AUTORELEASING = YES;
				CLANG_WARN_BOOL_CONVERSION = YES;
				CLANG_WARN_COMMA = YES;
				CLANG_WARN_CONSTANT_CONVERSION = YES;
				CLANG_WARN_DEPRECATED_OBJC_IMPLEMENTATIONS = YES;
				CLANG_WARN_DIRECT_OBJC_ISA_USAGE = YES_ERROR;
				CLANG_WARN_DOCUMENTATION_COMMENTS = YES;
				CLANG_WARN_EMPTY_BODY = YES;
				CLANG_WARN_ENUM_CONVERSION = YES;
				CLANG_WARN_INFINITE_RECURSION = YES;
				CLANG_WARN_INT_CONVERSION = YES;
				CLANG_WARN_NON_LITERAL_NULL_CONVERSION = YES;
				CLANG_WARN_OBJC_IMPLICIT_RETAIN_SELF = YES;
				CLANG_WARN_OBJC_LITERAL_CONVERSION = YES;
				CLANG_WARN_OBJC_ROOT_CLASS = YES_ERROR;
				CLANG_WARN_QUOTED_INCLUDE_IN_FRAMEWORK_HEADER = YES;
				CLANG_WARN_RANGE_LOOP_ANALYSIS = YES;
				CLANG_WARN_STRICT_PROTOTYPES = YES;
				CLANG_WARN_SUSPICIOUS_MOVE = YES;
				CLANG_WARN_UNGUARDED_AVAILABILITY = YES_AGGRESSIVE;
				CLANG_WARN_UNREACHABLE_CODE = YES;
				CLANG_WARN__DUPLICATE_METHOD_MATCH = YES;
				COPY_PHASE_STRIP = NO;
				DEBUG_INFORMATION_FORMAT = "dwarf-with-dsym";
				ENABLE_NS_ASSERTIONS = NO;
				ENABLE_STRICT_OBJC_MSGSEND = YES;
				GCC_C_LANGUAGE_STANDARD = gnu11;
				GCC_NO_COMMON_BLOCKS = YES;
				GCC_WARN_64_TO_32_BIT_CONVERSION = YES;
				GCC_WARN_ABOUT_RETURN_TYPE = YES_ERROR;
				GCC_WARN_UNDECLARED_SELECTOR = YES;
				GCC_WARN_UNINITIALIZED_AUTOS = YES_AGGRESSIVE;
				GCC_WARN_UNUSED_FUNCTION = YES;
				GCC_WARN_UNUSED_VARIABLE = YES;
				MACOSX_DEPLOYMENT_TARGET = 15.0;
				MTL_ENABLE_DEBUG_INFO = NO;
				MTL_FAST_MATH = YES;
				PRODUCT_NAME = "$(TARGET_NAME)";
				SWIFT_COMPILATION_MODE = wholemodule;
				SWIFT_OPTIMIZATION_LEVEL = "-O";
				SWIFT_VERSION = 5.0;
			};
			name = Release;
		};
/* End XCBuildConfiguration section */

/* Begin XCConfigurationList section */
		48F44AF7D2D3431DB1271F32 /* Build configuration list for PBXNativeTarget "TillyRemote" */ = {
			isa = XCConfigurationList;
			buildConfigurations = (
				3EF442895A8B9960313A5CA9 /* Debug */,
				E08CC1434EE5CA26A36C99CA /* Release */,
			);
			defaultConfigurationIsVisible = 0;
			defaultConfigurationName = Debug;
		};
		4D9B7AE1919DB29292930A1C /* Build configuration list for PBXNativeTarget "Tilly" */ = {
			isa = XCConfigurationList;
			buildConfigurations = (
				5C139C2D80D63AE2E5BB99AE /* Debug */,
				22C7AB525BCCA74DAACEA84C /* Release */,
			);
			defaultConfigurationIsVisible = 0;
			defaultConfigurationName = Debug;
		};
		C79505BD4A249E3D73FEF54E /* Build configuration list for PBXProject "Tilly" */ = {
			isa = XCConfigurationList;
			buildConfigurations = (
				7FF889C4C053045FD7162C6F /* Debug */,
				E656571C73CFA6CBFAF032B5 /* Release */,
			);
			defaultConfigurationIsVisible = 0;
			defaultConfigurationName = Debug;
		};
/* End XCConfigurationList section */

/* Begin XCLocalSwiftPackageReference section */
		5D4BC0108140644F1C8D1E5C /* XCLocalSwiftPackageReference "Packages/TillyTools" */ = {
			isa = XCLocalSwiftPackageReference;
			relativePath = Packages/TillyTools;
		};
		62391EF864431076404E93DA /* XCLocalSwiftPackageReference "Packages/TillyStorage" */ = {
			isa = XCLocalSwiftPackageReference;
			relativePath = Packages/TillyStorage;
		};
		8529A3A5FE5F0D85E2B1C902 /* XCLocalSwiftPackageReference "Packages/TillyCore" */ = {
			isa = XCLocalSwiftPackageReference;
			relativePath = Packages/TillyCore;
		};
		BD7A64C3389BDBF962ED199E /* XCLocalSwiftPackageReference "Packages/TillyProviders" */ = {
			isa = XCLocalSwiftPackageReference;
			relativePath = Packages/TillyProviders;
		};
/* End XCLocalSwiftPackageReference section */

/* Begin XCRemoteSwiftPackageReference section */
		E8273F6C14A3B4E357BAB179 /* XCRemoteSwiftPackageReference "GoogleSignIn-iOS" */ = {
			isa = XCRemoteSwiftPackageReference;
			repositoryURL = "https://github.com/google/GoogleSignIn-iOS";
			requirement = {
				kind = upToNextMajorVersion;
				minimumVersion = 7.1.0;
			};
		};
		F9894A505BF3C7DBC2DB24DC /* XCRemoteSwiftPackageReference "firebase-ios-sdk" */ = {
			isa = XCRemoteSwiftPackageReference;
			repositoryURL = "https://github.com/firebase/firebase-ios-sdk.git";
			requirement = {
				kind = upToNextMajorVersion;
				minimumVersion = 10.25.0;
			};
		};
/* End XCRemoteSwiftPackageReference section */

/* Begin XCSwiftPackageProductDependency section */
		0184A2A8C2F8F70485EEEC86 /* TillyProviders */ = {
			isa = XCSwiftPackageProductDependency;
			productName = TillyProviders;
		};
		12341AC689D4CF663BEC3587 /* TillyCore */ = {
			isa = XCSwiftPackageProductDependency;
			productName = TillyCore;
		};
		3ED982342F0E530444BEF5E5 /* GoogleSignInSwift */ = {
			isa = XCSwiftPackageProductDependency;
			package = E8273F6C14A3B4E357BAB179 /* XCRemoteSwiftPackageReference "GoogleSignIn-iOS" */;
			productName = GoogleSignInSwift;
		};
		41D604BDF3CE4BE6C9C398C8 /* TillyStorage */ = {
			isa = XCSwiftPackageProductDependency;
			productName = TillyStorage;
		};
		4549431E15F91AEBCB52AA51 /* TillyTools */ = {
			isa = XCSwiftPackageProductDependency;
			productName = TillyTools;
		};
		55B44A26794936896895EE78 /* GoogleSignIn */ = {
			isa = XCSwiftPackageProductDependency;
			package = E8273F6C14A3B4E357BAB179 /* XCRemoteSwiftPackageReference "GoogleSignIn-iOS" */;
			productName = GoogleSignIn;
		};
		800096BCD889E9FC5045AFC2 /* GoogleSignIn */ = {
			isa = XCSwiftPackageProductDependency;
			package = E8273F6C14A3B4E357BAB179 /* XCRemoteSwiftPackageReference "GoogleSignIn-iOS" */;
			productName = GoogleSignIn;
		};
		8C6547B00D8B83B42613C6EC /* FirebaseAuth */ = {
			isa = XCSwiftPackageProductDependency;
			package = F9894A505BF3C7DBC2DB24DC /* XCRemoteSwiftPackageReference "firebase-ios-sdk" */;
			productName = FirebaseAuth;
		};
		9E47E74586F91633EF678E5F /* FirebaseAuth */ = {
			isa = XCSwiftPackageProductDependency;
			package = F9894A505BF3C7DBC2DB24DC /* XCRemoteSwiftPackageReference "firebase-ios-sdk" */;
			productName = FirebaseAuth;
		};
		AC138233DC34F304AFF7022E /* FirebaseDatabase */ = {
			isa = XCSwiftPackageProductDependency;
			package = F9894A505BF3C7DBC2DB24DC /* XCRemoteSwiftPackageReference "firebase-ios-sdk" */;
			productName = FirebaseDatabase;
		};
		B64A66864A186E577D58E430 /* TillyCore */ = {
			isa = XCSwiftPackageProductDependency;
			productName = TillyCore;
		};
		C2F312B01A6994FA435646AD /* FirebaseDatabase */ = {
			isa = XCSwiftPackageProductDependency;
			package = F9894A505BF3C7DBC2DB24DC /* XCRemoteSwiftPackageReference "firebase-ios-sdk" */;
			productName = FirebaseDatabase;
		};
		E19BC910B1B688CCDE11EF42 /* GoogleSignInSwift */ = {
			isa = XCSwiftPackageProductDependency;
			package = E8273F6C14A3B4E357BAB179 /* XCRemoteSwiftPackageReference "GoogleSignIn-iOS" */;
			productName = GoogleSignInSwift;
		};
/* End XCSwiftPackageProductDependency section */
	};
	rootObject = 754D3211ED4058A36335A5BF /* Project object */;
}
